
Microsoft Visual Studio Solution File, Format Version 12.00
# Visual Studio Version 16
VisualStudioVersion = 16.0.30225.117
MinimumVisualStudioVersion = 10.0.40219.1
Project("{9A19103F-16F7-4668-BE54-9A1E7A4F7556}") = "hogs_gameEditor_wpf", "hogs_gameEditor_wpf.csproj", "{D305D5A3-3074-427C-B359-9537291DADA8}"
EndProject
Global
	GlobalSection(SolutionConfigurationPlatforms) = preSolution
		Debug|Any CPU = Debug|Any CPU
		Release|Any CPU = Release|Any CPU
	EndGlobalSection
	GlobalSection(ProjectConfigurationPlatforms) = postSolution
		{D305D5A3-3074-427C-B359-9537291DADA8}.Debug|Any CPU.ActiveCfg = Debug|Any CPU
		{D305D5A3-3074-427C-B359-9537291DADA8}.Debug|Any CPU.Build.0 = Debug|Any CPU
		{D305D5A3-3074-427C-B359-9537291DADA8}.Release|Any CPU.ActiveCfg = Release|Any CPU
		{D305D5A3-3074-427C-B359-9537291DADA8}.Release|Any CPU.Build.0 = Release|Any CPU
	EndGlobalSection
	GlobalSection(SolutionProperties) = preSolution
		HideSolutionNode = FALSE
	EndGlobalSection
	GlobalSection(ExtensibilityGlobals) = postSolution
		SolutionGuid = {7B68A2E7-3D1A-4C76-B2A1-6251C80CAC57}
	EndGlobalSection
EndGlobal
